{
  "name": "sdf-party",
  "lockfileVersion": 3,
  "requires": true,
  "packages": {
    "": {
      "dependencies": {
        "lygia": "^1.4.1"
      }
    },
    "node_modules/lygia": {
      "version": "1.4.1",
      "resolved": "https://registry.npmjs.org/lygia/-/lygia-1.4.1.tgz",
      "integrity": "sha512-wMOioKBk4vr7Pt+x85J7TImaNFuB9ZfqDp5pIYuzbaiKjdfsvqiM67vC+ngXEYf4hxqWcgTUM4Sx6bn0se9R7w==",
      "license": "Prosperity License & Patron License (https://lygia.xyz/license)"
    }
  }
}
